
Microsoft Visual Studio Solution File, Format Version 12.00
# Visual Studio Version 17
VisualStudioVersion = 17.14.36429.23
MinimumVisualStudioVersion = 10.0.40219.1
Project("{2150E333-8FDC-42A3-9474-1A3956D46DE8}") = "Task0", "Task0", "{02EA681E-C7D8-13C7-8484-4AC65E1B71E8}"
EndProject
Project("{FAE04EC0-301F-11D3-BF4B-00C04F79EFBC}") = "Tyuiu.KlochenokVA.Sprint0.Task0.V0", "Tyuiu.KlochenokVA.Sprint0.Task0.V0\Tyuiu.KlochenokVA.Sprint0.Task0.V0.csproj", "{F9DF499D-9E13-4FD3-B12A-023132BDB13C}"
EndProject
Project("{2150E333-8FDC-42A3-9474-1A3956D46DE8}") = "Task1", "Task1", "{F38A670A-AAE5-4412-8656-808B33649B9E}"
EndProject
Project("{2150E333-8FDC-42A3-9474-1A3956D46DE8}") = "Task2", "Task2", "{6C4C1145-8D21-4BAB-9B79-CC44BD50167D}"
EndProject
Project("{FAE04EC0-301F-11D3-BF4B-00C04F79EFBC}") = "Tyuiu.KlochenokVA.Sprint0.Task2.V0", "Tyuiu.KlochenokVA.Sprint0.Task2.V0\Tyuiu.KlochenokVA.Sprint0.Task2.V0.csproj", "{90A92826-D9ED-4AC6-852A-DCB9B17B0D20}"
EndProject
Project("{FAE04EC0-301F-11D3-BF4B-00C04F79EFBC}") = "Tyuiu.KlochenokVA.Sprint0.Task1.V00", "Tyuiu.KlochenokVA.Sprint0.Task1.V00\Tyuiu.KlochenokVA.Sprint0.Task1.V00.csproj", "{286B2BA2-3B77-4727-9DB8-EED1C1E5A629}"
EndProject
Project("{FAE04EC0-301F-11D3-BF4B-00C04F79EFBC}") = "Tyuiu.KlochenokVA.Sprint0.Task2.V0.Lib", "Tyuiu.KlochenokVA.Sprint0.Task2.V0.Lib\Tyuiu.KlochenokVA.Sprint0.Task2.V0.Lib.csproj", "{DEF25F3E-7BA4-4DF9-8581-E8277DF6E472}"
EndProject
Project("{FAE04EC0-301F-11D3-BF4B-00C04F79EFBC}") = "Tyuiu.KlochenokVA.Sprint0.Task2.V0.Test", "Tyuiu.KlochenokVA.Sprint0.Task2.V0.Test\Tyuiu.KlochenokVA.Sprint0.Task2.V0.Test.csproj", "{CC1873E5-BA04-49FA-93A0-664B3D17A107}"
EndProject
Global
	GlobalSection(SolutionConfigurationPlatforms) = preSolution
		Debug|Any CPU = Debug|Any CPU
		Release|Any CPU = Release|Any CPU
	EndGlobalSection
	GlobalSection(ProjectConfigurationPlatforms) = postSolution
		{F9DF499D-9E13-4FD3-B12A-023132BDB13C}.Debug|Any CPU.ActiveCfg = Debug|Any CPU
		{F9DF499D-9E13-4FD3-B12A-023132BDB13C}.Debug|Any CPU.Build.0 = Debug|Any CPU
		{F9DF499D-9E13-4FD3-B12A-023132BDB13C}.Release|Any CPU.ActiveCfg = Release|Any CPU
		{F9DF499D-9E13-4FD3-B12A-023132BDB13C}.Release|Any CPU.Build.0 = Release|Any CPU
		{90A92826-D9ED-4AC6-852A-DCB9B17B0D20}.Debug|Any CPU.ActiveCfg = Debug|Any CPU
		{90A92826-D9ED-4AC6-852A-DCB9B17B0D20}.Debug|Any CPU.Build.0 = Debug|Any CPU
		{90A92826-D9ED-4AC6-852A-DCB9B17B0D20}.Release|Any CPU.ActiveCfg = Release|Any CPU
		{90A92826-D9ED-4AC6-852A-DCB9B17B0D20}.Release|Any CPU.Build.0 = Release|Any CPU
		{286B2BA2-3B77-4727-9DB8-EED1C1E5A629}.Debug|Any CPU.ActiveCfg = Debug|Any CPU
		{286B2BA2-3B77-4727-9DB8-EED1C1E5A629}.Debug|Any CPU.Build.0 = Debug|Any CPU
		{286B2BA2-3B77-4727-9DB8-EED1C1E5A629}.Release|Any CPU.ActiveCfg = Release|Any CPU
		{286B2BA2-3B77-4727-9DB8-EED1C1E5A629}.Release|Any CPU.Build.0 = Release|Any CPU
		{DEF25F3E-7BA4-4DF9-8581-E8277DF6E472}.Debug|Any CPU.ActiveCfg = Debug|Any CPU
		{DEF25F3E-7BA4-4DF9-8581-E8277DF6E472}.Debug|Any CPU.Build.0 = Debug|Any CPU
		{DEF25F3E-7BA4-4DF9-8581-E8277DF6E472}.Release|Any CPU.ActiveCfg = Release|Any CPU
		{DEF25F3E-7BA4-4DF9-8581-E8277DF6E472}.Release|Any CPU.Build.0 = Release|Any CPU
		{CC1873E5-BA04-49FA-93A0-664B3D17A107}.Debug|Any CPU.ActiveCfg = Debug|Any CPU
		{CC1873E5-BA04-49FA-93A0-664B3D17A107}.Debug|Any CPU.Build.0 = Debug|Any CPU
		{CC1873E5-BA04-49FA-93A0-664B3D17A107}.Release|Any CPU.ActiveCfg = Release|Any CPU
		{CC1873E5-BA04-49FA-93A0-664B3D17A107}.Release|Any CPU.Build.0 = Release|Any CPU
	EndGlobalSection
	GlobalSection(SolutionProperties) = preSolution
		HideSolutionNode = FALSE
	EndGlobalSection
	GlobalSection(NestedProjects) = preSolution
		{F9DF499D-9E13-4FD3-B12A-023132BDB13C} = {02EA681E-C7D8-13C7-8484-4AC65E1B71E8}
		{90A92826-D9ED-4AC6-852A-DCB9B17B0D20} = {6C4C1145-8D21-4BAB-9B79-CC44BD50167D}
		{286B2BA2-3B77-4727-9DB8-EED1C1E5A629} = {F38A670A-AAE5-4412-8656-808B33649B9E}
		{DEF25F3E-7BA4-4DF9-8581-E8277DF6E472} = {6C4C1145-8D21-4BAB-9B79-CC44BD50167D}
		{CC1873E5-BA04-49FA-93A0-664B3D17A107} = {6C4C1145-8D21-4BAB-9B79-CC44BD50167D}
	EndGlobalSection
	GlobalSection(ExtensibilityGlobals) = postSolution
		SolutionGuid = {B3CEDF16-01AA-4B71-9C45-C06CD72FCF1C}
	EndGlobalSection
EndGlobal
